
Microsoft Visual Studio Solution File, Format Version 12.00
# Visual Studio Version 17
VisualStudioVersion = 17.9.34622.214
MinimumVisualStudioVersion = 10.0.40219.1
Project("{9A19103F-16F7-4668-BE54-9A1E7A4F7556}") = "ETicaretKurumsalSite", "ETicaretKurumsalSite\ETicaretKurumsalSite.csproj", "{A04EAF0A-FBF4-49B8-871F-C15E6CC5E937}"
EndProject
Project("{9A19103F-16F7-4668-BE54-9A1E7A4F7556}") = "EntityLayer", "EntityLayer\EntityLayer.csproj", "{56F5848A-001F-4538-B82C-989E85B4AC8C}"
EndProject
Project("{9A19103F-16F7-4668-BE54-9A1E7A4F7556}") = "DataAccessLayer", "DataAccessLayer\DataAccessLayer.csproj", "{BA857115-A852-4195-A376-9EBD5029E3B0}"
EndProject
Project("{9A19103F-16F7-4668-BE54-9A1E7A4F7556}") = "ServiceLayer", "ServiceLayer\ServiceLayer.csproj", "{632FF6D6-F29D-4C56-84AE-5AC9821FE665}"
EndProject
Global
	GlobalSection(SolutionConfigurationPlatforms) = preSolution
		Debug|Any CPU = Debug|Any CPU
		Release|Any CPU = Release|Any CPU
	EndGlobalSection
	GlobalSection(ProjectConfigurationPlatforms) = postSolution
		{A04EAF0A-FBF4-49B8-871F-C15E6CC5E937}.Debug|Any CPU.ActiveCfg = Debug|Any CPU
		{A04EAF0A-FBF4-49B8-871F-C15E6CC5E937}.Debug|Any CPU.Build.0 = Debug|Any CPU
		{A04EAF0A-FBF4-49B8-871F-C15E6CC5E937}.Release|Any CPU.ActiveCfg = Release|Any CPU
		{A04EAF0A-FBF4-49B8-871F-C15E6CC5E937}.Release|Any CPU.Build.0 = Release|Any CPU
		{56F5848A-001F-4538-B82C-989E85B4AC8C}.Debug|Any CPU.ActiveCfg = Debug|Any CPU
		{56F5848A-001F-4538-B82C-989E85B4AC8C}.Debug|Any CPU.Build.0 = Debug|Any CPU
		{56F5848A-001F-4538-B82C-989E85B4AC8C}.Release|Any CPU.ActiveCfg = Release|Any CPU
		{56F5848A-001F-4538-B82C-989E85B4AC8C}.Release|Any CPU.Build.0 = Release|Any CPU
		{BA857115-A852-4195-A376-9EBD5029E3B0}.Debug|Any CPU.ActiveCfg = Debug|Any CPU
		{BA857115-A852-4195-A376-9EBD5029E3B0}.Debug|Any CPU.Build.0 = Debug|Any CPU
		{BA857115-A852-4195-A376-9EBD5029E3B0}.Release|Any CPU.ActiveCfg = Release|Any CPU
		{BA857115-A852-4195-A376-9EBD5029E3B0}.Release|Any CPU.Build.0 = Release|Any CPU
		{632FF6D6-F29D-4C56-84AE-5AC9821FE665}.Debug|Any CPU.ActiveCfg = Debug|Any CPU
		{632FF6D6-F29D-4C56-84AE-5AC9821FE665}.Debug|Any CPU.Build.0 = Debug|Any CPU
		{632FF6D6-F29D-4C56-84AE-5AC9821FE665}.Release|Any CPU.ActiveCfg = Release|Any CPU
		{632FF6D6-F29D-4C56-84AE-5AC9821FE665}.Release|Any CPU.Build.0 = Release|Any CPU
	EndGlobalSection
	GlobalSection(SolutionProperties) = preSolution
		HideSolutionNode = FALSE
	EndGlobalSection
	GlobalSection(ExtensibilityGlobals) = postSolution
		SolutionGuid = {C38DD5A1-BB29-44BC-BEC7-96F5D32B3A70}
	EndGlobalSection
EndGlobal
